
Microsoft Visual Studio Solution File, Format Version 12.00
# Visual Studio Version 16
VisualStudioVersion = 16.0.30204.135
MinimumVisualStudioVersion = 10.0.40219.1
Project("{FAE04EC0-301F-11D3-BF4B-00C04F79EFBC}") = "Practical1", "Practical1.csproj", "{90BB2405-F937-4BFA-A622-80F962000931}"
EndProject
Global
	GlobalSection(SolutionConfigurationPlatforms) = preSolution
		Debug|Any CPU = Debug|Any CPU
		Release|Any CPU = Release|Any CPU
	EndGlobalSection
	GlobalSection(ProjectConfigurationPlatforms) = postSolution
		{90BB2405-F937-4BFA-A622-80F962000931}.Debug|Any CPU.ActiveCfg = Debug|Any CPU
		{90BB2405-F937-4BFA-A622-80F962000931}.Debug|Any CPU.Build.0 = Debug|Any CPU
		{90BB2405-F937-4BFA-A622-80F962000931}.Release|Any CPU.ActiveCfg = Release|Any CPU
		{90BB2405-F937-4BFA-A622-80F962000931}.Release|Any CPU.Build.0 = Release|Any CPU
	EndGlobalSection
	GlobalSection(SolutionProperties) = preSolution
		HideSolutionNode = FALSE
	EndGlobalSection
	GlobalSection(ExtensibilityGlobals) = postSolution
		SolutionGuid = {F573D062-D0C2-4E26-AF8F-8F0D87CCD10F}
	EndGlobalSection
EndGlobal
